Microsoft Visual Studio Solution File, Format Version 11.00
# Visual Studio 2008

Project("{FF46DF8A-D944-E328-FF65-FD38F8E7DC4A}") = "02-roll-a-ball", "Assembly-CSharp.csproj", "{D18C321F-F7EC-12C1-46A9-F331C678317A}"
EndProject
Global
	GlobalSection(SolutionConfigurationPlatforms) = preSolution
		Debug|Any CPU = Debug|Any CPU
		Release|Any CPU = Release|Any CPU
	EndGlobalSection
	GlobalSection(ProjectConfigurationPlatforms) = postSolution
		{D18C321F-F7EC-12C1-46A9-F331C678317A}.Debug|Any CPU.ActiveCfg = Debug|Any CPU
		{D18C321F-F7EC-12C1-46A9-F331C678317A}.Debug|Any CPU.Build.0 = Debug|Any CPU
		{D18C321F-F7EC-12C1-46A9-F331C678317A}.Release|Any CPU.ActiveCfg = Release|Any CPU
		{D18C321F-F7EC-12C1-46A9-F331C678317A}.Release|Any CPU.Build.0 = Release|Any CPU
	EndGlobalSection
	GlobalSection(SolutionProperties) = preSolution
		HideSolutionNode = FALSE
	EndGlobalSection
	GlobalSection(MonoDevelopProperties) = preSolution
		StartupItem = Assembly-CSharp.csproj
	EndGlobalSection
EndGlobal
